// !$*UTF8*$!
{
	archiveVersion = 1;
	classes = {
	};
	objectVersion = 46;
	objects = {

/* Begin PBXBuildFile section */
		0B6EED821CC25755001BC00B /* BasicCoverViewController.swift in Sources */ = {isa = PBXBuildFile; fileRef = 0B6EED801CC25755001BC00B /* BasicCoverViewController.swift */; };
		0B6EED831CC25755001BC00B /* BasicCoverViewController.xib in Resources */ = {isa = PBXBuildFile; fileRef = 0B6EED811CC25755001BC00B /* BasicCoverViewController.xib */; };
		0B7C8BDE1CBFD166000FE312 /* AppDelegate.swift in Sources */ = {isa = PBXBuildFile; fileRef = 0B7C8BDD1CBFD166000FE312 /* AppDelegate.swift */; };
		0B7C8BE01CBFD166000FE312 /* MainViewController.swift in Sources */ = {isa = PBXBuildFile; fileRef = 0B7C8BDF1CBFD166000FE312 /* MainViewController.swift */; };
		0B7C8BE21CBFD166000FE312 /* Document.swift in Sources */ = {isa = PBXBuildFile; fileRef = 0B7C8BE11CBFD166000FE312 /* Document.swift */; };
		0B7C8BE41CBFD166000FE312 /* Assets.xcassets in Resources */ = {isa = PBXBuildFile; fileRef = 0B7C8BE31CBFD166000FE312 /* Assets.xcassets */; };
		0B7C8BE71CBFD166000FE312 /* Main.storyboard in Resources */ = {isa = PBXBuildFile; fileRef = 0B7C8BE51CBFD166000FE312 /* Main.storyboard */; };
		0B7C8BF51CC139FD000FE312 /* pop.framework in Frameworks */ = {isa = PBXBuildFile; fileRef = 0B7C8BF31CC139EB000FE312 /* pop.framework */; };
		0B7C8BF61CC139FD000FE312 /* pop.framework in Embed Frameworks */ = {isa = PBXBuildFile; fileRef = 0B7C8BF31CC139EB000FE312 /* pop.framework */; settings = {ATTRIBUTES = (CodeSignOnCopy, RemoveHeadersOnCopy, ); }; };
		0B7C8BF91CC13E14000FE312 /* MainWindowController.swift in Sources */ = {isa = PBXBuildFile; fileRef = 0B7C8BF81CC13E14000FE312 /* MainWindowController.swift */; };
		0B7C8BFE1CC14006000FE312 /* SlidesWindowController.swift in Sources */ = {isa = PBXBuildFile; fileRef = 0B7C8BFD1CC14006000FE312 /* SlidesWindowController.swift */; };
		0B7C8C001CC14016000FE312 /* SlidesViewController.swift in Sources */ = {isa = PBXBuildFile; fileRef = 0B7C8BFF1CC14016000FE312 /* SlidesViewController.swift */; };
		0B7C8C021CC1422B000FE312 /* Definitions.swift in Sources */ = {isa = PBXBuildFile; fileRef = 0B7C8C011CC1422B000FE312 /* Definitions.swift */; };
		0B7C8C071CC1DC33000FE312 /* Slides.swift in Sources */ = {isa = PBXBuildFile; fileRef = 0B7C8C061CC1DC33000FE312 /* Slides.swift */; };
		0B7C8C0A1CC20642000FE312 /* Plugin.swift in Sources */ = {isa = PBXBuildFile; fileRef = 0B7C8C091CC20642000FE312 /* Plugin.swift */; };
		0B7C8C0E1CC20865000FE312 /* TFPlugInLoader.m in Sources */ = {isa = PBXBuildFile; fileRef = 0B7C8C0D1CC20865000FE312 /* TFPlugInLoader.m */; };
		0B7C8C1B1CC227C1000FE312 /* BasicPageTemplate.truffautplugin in Embed Slide Templates */ = {isa = PBXBuildFile; fileRef = 0B7C8C141CC22748000FE312 /* BasicPageTemplate.truffautplugin */; settings = {ATTRIBUTES = (CodeSignOnCopy, RemoveHeadersOnCopy, ); }; };
		0B7C8C261CC22800000FE312 /* BasicCoverTemplate.truffautplugin in Embed Slide Templates */ = {isa = PBXBuildFile; fileRef = 0B7C8C201CC227E7000FE312 /* BasicCoverTemplate.truffautplugin */; settings = {ATTRIBUTES = (CodeSignOnCopy, RemoveHeadersOnCopy, ); }; };
/* End PBXBuildFile section */

/* Begin PBXCopyFilesBuildPhase section */
		0B7C8BF71CC139FD000FE312 /* Embed Frameworks */ = {
			isa = PBXCopyFilesBuildPhase;
			buildActionMask = 2147483647;
			dstPath = "";
			dstSubfolderSpec = 10;
			files = (
				0B7C8BF61CC139FD000FE312 /* pop.framework in Embed Frameworks */,
			);
			name = "Embed Frameworks";
			runOnlyForDeploymentPostprocessing = 0;
		};
		0B7C8C1A1CC227A7000FE312 /* Embed Slide Templates */ = {
			isa = PBXCopyFilesBuildPhase;
			buildActionMask = 2147483647;
			dstPath = "";
			dstSubfolderSpec = 13;
			files = (
				0B7C8C261CC22800000FE312 /* BasicCoverTemplate.truffautplugin in Embed Slide Templates */,
				0B7C8C1B1CC227C1000FE312 /* BasicPageTemplate.truffautplugin in Embed Slide Templates */,
			);
			name = "Embed Slide Templates";
			runOnlyForDeploymentPostprocessing = 0;
		};
/* End PBXCopyFilesBuildPhase section */

/* Begin PBXFileReference section */
		0B6EED7F1CC25755001BC00B /* BasicCoverTemplate-Bridging-Header.h */ = {isa = PBXFileReference; lastKnownFileType = sourcecode.c.h; path = "BasicCoverTemplate-Bridging-Header.h"; sourceTree = SOURCE_ROOT; };
		0B6EED801CC25755001BC00B /* BasicCoverViewController.swift */ = {isa = PBXFileReference; fileEncoding = 4; lastKnownFileType = sourcecode.swift; path = BasicCoverViewController.swift; sourceTree = "<group>"; };
		0B6EED811CC25755001BC00B /* BasicCoverViewController.xib */ = {isa = PBXFileReference; fileEncoding = 4; lastKnownFileType = file.xib; path = BasicCoverViewController.xib; sourceTree = "<group>"; };
		0B7C8BDA1CBFD166000FE312 /* Truffaut.app */ = {isa = PBXFileReference; explicitFileType = wrapper.application; includeInIndex = 0; path = Truffaut.app; sourceTree = BUILT_PRODUCTS_DIR; };
		0B7C8BDD1CBFD166000FE312 /* AppDelegate.swift */ = {isa = PBXFileReference; lastKnownFileType = sourcecode.swift; path = AppDelegate.swift; sourceTree = "<group>"; };
		0B7C8BDF1CBFD166000FE312 /* MainViewController.swift */ = {isa = PBXFileReference; lastKnownFileType = sourcecode.swift; path = MainViewController.swift; sourceTree = "<group>"; };
		0B7C8BE11CBFD166000FE312 /* Document.swift */ = {isa = PBXFileReference; lastKnownFileType = sourcecode.swift; path = Document.swift; sourceTree = "<group>"; };
		0B7C8BE31CBFD166000FE312 /* Assets.xcassets */ = {isa = PBXFileReference; lastKnownFileType = folder.assetcatalog; path = Assets.xcassets; sourceTree = "<group>"; };
		0B7C8BE61CBFD166000FE312 /* Base */ = {isa = PBXFileReference; lastKnownFileType = file.storyboard; name = Base; path = Base.lproj/Main.storyboard; sourceTree = "<group>"; };
		0B7C8BE81CBFD166000FE312 /* Info.plist */ = {isa = PBXFileReference; lastKnownFileType = text.plist.xml; path = Info.plist; sourceTree = "<group>"; };
		0B7C8BF31CC139EB000FE312 /* pop.framework */ = {isa = PBXFileReference; lastKnownFileType = wrapper.framework; name = pop.framework; path = Carthage/Build/Mac/pop.framework; sourceTree = "<group>"; };
		0B7C8BF81CC13E14000FE312 /* MainWindowController.swift */ = {isa = PBXFileReference; fileEncoding = 4; lastKnownFileType = sourcecode.swift; path = MainWindowController.swift; sourceTree = "<group>"; };
		0B7C8BFD1CC14006000FE312 /* SlidesWindowController.swift */ = {isa = PBXFileReference; fileEncoding = 4; lastKnownFileType = sourcecode.swift; path = SlidesWindowController.swift; sourceTree = "<group>"; };
		0B7C8BFF1CC14016000FE312 /* SlidesViewController.swift */ = {isa = PBXFileReference; fileEncoding = 4; lastKnownFileType = sourcecode.swift; path = SlidesViewController.swift; sourceTree = "<group>"; };
		0B7C8C011CC1422B000FE312 /* Definitions.swift */ = {isa = PBXFileReference; fileEncoding = 4; lastKnownFileType = sourcecode.swift; path = Definitions.swift; sourceTree = "<group>"; };
		0B7C8C061CC1DC33000FE312 /* Slides.swift */ = {isa = PBXFileReference; fileEncoding = 4; lastKnownFileType = sourcecode.swift; path = Slides.swift; sourceTree = "<group>"; };
		0B7C8C091CC20642000FE312 /* Plugin.swift */ = {isa = PBXFileReference; fileEncoding = 4; lastKnownFileType = sourcecode.swift; path = Plugin.swift; sourceTree = "<group>"; };
		0B7C8C0B1CC20865000FE312 /* Truffaut-Bridging-Header.h */ = {isa = PBXFileReference; lastKnownFileType = sourcecode.c.h; path = "Truffaut-Bridging-Header.h"; sourceTree = "<group>"; };
		0B7C8C0C1CC20865000FE312 /* TFPlugInLoader.h */ = {isa = PBXFileReference; fileEncoding = 4; lastKnownFileType = sourcecode.c.h; path = TFPlugInLoader.h; sourceTree = "<group>"; };
		0B7C8C0D1CC20865000FE312 /* TFPlugInLoader.m */ = {isa = PBXFileReference; fileEncoding = 4; lastKnownFileType = sourcecode.c.objc; path = TFPlugInLoader.m; sourceTree = "<group>"; };
		0B7C8C0F1CC209F2000FE312 /* TFTemplate.h */ = {isa = PBXFileReference; lastKnownFileType = sourcecode.c.h; path = TFTemplate.h; sourceTree = "<group>"; };
		0B7C8C141CC22748000FE312 /* BasicPageTemplate.truffautplugin */ = {isa = PBXFileReference; explicitFileType = wrapper.cfbundle; includeInIndex = 0; path = BasicPageTemplate.truffautplugin; sourceTree = BUILT_PRODUCTS_DIR; };
		0B7C8C161CC22748000FE312 /* Info.plist */ = {isa = PBXFileReference; lastKnownFileType = text.plist.xml; path = Info.plist; sourceTree = "<group>"; };
		0B7C8C201CC227E7000FE312 /* BasicCoverTemplate.truffautplugin */ = {isa = PBXFileReference; explicitFileType = wrapper.cfbundle; includeInIndex = 0; path = BasicCoverTemplate.truffautplugin; sourceTree = BUILT_PRODUCTS_DIR; };
		0B7C8C221CC227E7000FE312 /* Info.plist */ = {isa = PBXFileReference; lastKnownFileType = text.plist.xml; path = Info.plist; sourceTree = "<group>"; };
/* End PBXFileReference section */

/* Begin PBXFrameworksBuildPhase section */
		0B7C8BD71CBFD166000FE312 /* Frameworks */ = {
			isa = PBXFrameworksBuildPhase;
			buildActionMask = 2147483647;
			files = (
				0B7C8BF51CC139FD000FE312 /* pop.framework in Frameworks */,
			);
			runOnlyForDeploymentPostprocessing = 0;
		};
		0B7C8C111CC22748000FE312 /* Frameworks */ = {
			isa = PBXFrameworksBuildPhase;
			buildActionMask = 2147483647;
			files = (
			);
			runOnlyForDeploymentPostprocessing = 0;
		};
		0B7C8C1D1CC227E7000FE312 /* Frameworks */ = {
			isa = PBXFrameworksBuildPhase;
			buildActionMask = 2147483647;
			files = (
			);
			runOnlyForDeploymentPostprocessing = 0;
		};
/* End PBXFrameworksBuildPhase section */

/* Begin PBXGroup section */
		0B7C8BD11CBFD166000FE312 = {
			isa = PBXGroup;
			children = (
				0B7C8BEE1CBFEA2B000FE312 /* Carthage */,
				0B7C8BDC1CBFD166000FE312 /* Truffaut */,
				0B7C8C211CC227E7000FE312 /* BasicCoverTemplate */,
				0B7C8C151CC22748000FE312 /* BasicPageTemplate */,
				0B7C8BDB1CBFD166000FE312 /* Products */,
			);
			sourceTree = "<group>";
		};
		0B7C8BDB1CBFD166000FE312 /* Products */ = {
			isa = PBXGroup;
			children = (
				0B7C8BDA1CBFD166000FE312 /* Truffaut.app */,
				0B7C8C141CC22748000FE312 /* BasicPageTemplate.truffautplugin */,
				0B7C8C201CC227E7000FE312 /* BasicCoverTemplate.truffautplugin */,
			);
			name = Products;
			sourceTree = "<group>";
		};
		0B7C8BDC1CBFD166000FE312 /* Truffaut */ = {
			isa = PBXGroup;
			children = (
				0B7C8C0B1CC20865000FE312 /* Truffaut-Bridging-Header.h */,
				0B7C8BE51CBFD166000FE312 /* Main.storyboard */,
				0B7C8BDD1CBFD166000FE312 /* AppDelegate.swift */,
				0B7C8C011CC1422B000FE312 /* Definitions.swift */,
				0B7C8BFB1CC13F5D000FE312 /* Document */,
				0B7C8C081CC2062B000FE312 /* Plugin */,
				0B7C8BFA1CC13F4A000FE312 /* Main Window */,
				0B7C8BFC1CC13F91000FE312 /* Slides Window */,
				0B7C8BE31CBFD166000FE312 /* Assets.xcassets */,
				0B7C8BE81CBFD166000FE312 /* Info.plist */,
			);
			path = Truffaut;
			sourceTree = "<group>";
		};
		0B7C8BEE1CBFEA2B000FE312 /* Carthage */ = {
			isa = PBXGroup;
			children = (
				0B7C8BF31CC139EB000FE312 /* pop.framework */,
			);
			name = Carthage;
			sourceTree = "<group>";
		};
		0B7C8BFA1CC13F4A000FE312 /* Main Window */ = {
			isa = PBXGroup;
			children = (
				0B7C8BF81CC13E14000FE312 /* MainWindowController.swift */,
				0B7C8BDF1CBFD166000FE312 /* MainViewController.swift */,
			);
			name = "Main Window";
			sourceTree = "<group>";
		};
		0B7C8BFB1CC13F5D000FE312 /* Document */ = {
			isa = PBXGroup;
			children = (
				0B7C8BE11CBFD166000FE312 /* Document.swift */,
				0B7C8C061CC1DC33000FE312 /* Slides.swift */,
			);
			name = Document;
			sourceTree = "<group>";
		};
		0B7C8BFC1CC13F91000FE312 /* Slides Window */ = {
			isa = PBXGroup;
			children = (
				0B7C8BFD1CC14006000FE312 /* SlidesWindowController.swift */,
				0B7C8BFF1CC14016000FE312 /* SlidesViewController.swift */,
			);
			name = "Slides Window";
			sourceTree = "<group>";
		};
		0B7C8C081CC2062B000FE312 /* Plugin */ = {
			isa = PBXGroup;
			children = (
				0B7C8C0F1CC209F2000FE312 /* TFTemplate.h */,
				0B7C8C0C1CC20865000FE312 /* TFPlugInLoader.h */,
				0B7C8C0D1CC20865000FE312 /* TFPlugInLoader.m */,
				0B7C8C091CC20642000FE312 /* Plugin.swift */,
			);
			name = Plugin;
			sourceTree = "<group>";
		};
		0B7C8C151CC22748000FE312 /* BasicPageTemplate */ = {
			isa = PBXGroup;
			children = (
				0B7C8C161CC22748000FE312 /* Info.plist */,
			);
			path = BasicPageTemplate;
			sourceTree = "<group>";
		};
		0B7C8C211CC227E7000FE312 /* BasicCoverTemplate */ = {
			isa = PBXGroup;
			children = (
				0B6EED7F1CC25755001BC00B /* BasicCoverTemplate-Bridging-Header.h */,
				0B6EED801CC25755001BC00B /* BasicCoverViewController.swift */,
				0B6EED811CC25755001BC00B /* BasicCoverViewController.xib */,
				0B7C8C221CC227E7000FE312 /* Info.plist */,
			);
			path = BasicCoverTemplate;
			sourceTree = "<group>";
		};
/* End PBXGroup section */

/* Begin PBXNativeTarget section */
		0B7C8BD91CBFD166000FE312 /* Truffaut */ = {
			isa = PBXNativeTarget;
			buildConfigurationList = 0B7C8BEB1CBFD166000FE312 /* Build configuration list for PBXNativeTarget "Truffaut" */;
			buildPhases = (
				0B7C8BD61CBFD166000FE312 /* Sources */,
				0B7C8BD71CBFD166000FE312 /* Frameworks */,
				0B7C8BD81CBFD166000FE312 /* Resources */,
				0B7C8BF71CC139FD000FE312 /* Embed Frameworks */,
				0B7C8C1A1CC227A7000FE312 /* Embed Slide Templates */,
			);
			buildRules = (
			);
			dependencies = (
			);
			name = Truffaut;
			productName = Truffaut;
			productReference = 0B7C8BDA1CBFD166000FE312 /* Truffaut.app */;
			productType = "com.apple.product-type.application";
		};
		0B7C8C131CC22748000FE312 /* BasicPageTemplate */ = {
			isa = PBXNativeTarget;
			buildConfigurationList = 0B7C8C171CC22748000FE312 /* Build configuration list for PBXNativeTarget "BasicPageTemplate" */;
			buildPhases = (
				0B7C8C101CC22748000FE312 /* Sources */,
				0B7C8C111CC22748000FE312 /* Frameworks */,
				0B7C8C121CC22748000FE312 /* Resources */,
			);
			buildRules = (
			);
			dependencies = (
			);
			name = BasicPageTemplate;
			productName = BasicPageTemplate;
			productReference = 0B7C8C141CC22748000FE312 /* BasicPageTemplate.truffautplugin */;
			productType = "com.apple.product-type.bundle";
		};
		0B7C8C1F1CC227E7000FE312 /* BasicCoverTemplate */ = {
			isa = PBXNativeTarget;
			buildConfigurationList = 0B7C8C231CC227E7000FE312 /* Build configuration list for PBXNativeTarget "BasicCoverTemplate" */;
			buildPhases = (
				0B7C8C1C1CC227E7000FE312 /* Sources */,
				0B7C8C1D1CC227E7000FE312 /* Frameworks */,
				0B7C8C1E1CC227E7000FE312 /* Resources */,
			);
			buildRules = (
			);
			dependencies = (
			);
			name = BasicCoverTemplate;
			productName = BasicCoverTemplate;
			productReference = 0B7C8C201CC227E7000FE312 /* BasicCoverTemplate.truffautplugin */;
			productType = "com.apple.product-type.bundle";
		};
/* End PBXNativeTarget section */

/* Begin PBXProject section */
		0B7C8BD21CBFD166000FE312 /* Project object */ = {
			isa = PBXProject;
			attributes = {
				LastSwiftUpdateCheck = 0730;
				LastUpgradeCheck = 0730;
				ORGANIZATIONNAME = Codezerker;
				TargetAttributes = {
					0B7C8BD91CBFD166000FE312 = {
						CreatedOnToolsVersion = 7.3;
					};
					0B7C8C131CC22748000FE312 = {
						CreatedOnToolsVersion = 7.3;
					};
					0B7C8C1F1CC227E7000FE312 = {
						CreatedOnToolsVersion = 7.3;
					};
				};
			};
			buildConfigurationList = 0B7C8BD51CBFD166000FE312 /* Build configuration list for PBXProject "Truffaut" */;
			compatibilityVersion = "Xcode 3.2";
			developmentRegion = English;
			hasScannedForEncodings = 0;
			knownRegions = (
				en,
				Base,
			);
			mainGroup = 0B7C8BD11CBFD166000FE312;
			productRefGroup = 0B7C8BDB1CBFD166000FE312 /* Products */;
			projectDirPath = "";
			projectRoot = "";
			targets = (
				0B7C8BD91CBFD166000FE312 /* Truffaut */,
				0B7C8C1F1CC227E7000FE312 /* BasicCoverTemplate */,
				0B7C8C131CC22748000FE312 /* BasicPageTemplate */,
			);
		};
/* End PBXProject section */

/* Begin PBXResourcesBuildPhase section */
		0B7C8BD81CBFD166000FE312 /* Resources */ = {
			isa = PBXResourcesBuildPhase;
			buildActionMask = 2147483647;
			files = (
				0B7C8BE41CBFD166000FE312 /* Assets.xcassets in Resources */,
				0B7C8BE71CBFD166000FE312 /* Main.storyboard in Resources */,
			);
			runOnlyForDeploymentPostprocessing = 0;
		};
		0B7C8C121CC22748000FE312 /* Resources */ = {
			isa = PBXResourcesBuildPhase;
			buildActionMask = 2147483647;
			files = (
			);
			runOnlyForDeploymentPostprocessing = 0;
		};
		0B7C8C1E1CC227E7000FE312 /* Resources */ = {
			isa = PBXResourcesBuildPhase;
			buildActionMask = 2147483647;
			files = (
				0B6EED831CC25755001BC00B /* BasicCoverViewController.xib in Resources */,
			);
			runOnlyForDeploymentPostprocessing = 0;
		};
/* End PBXResourcesBuildPhase section */

/* Begin PBXSourcesBuildPhase section */
		0B7C8BD61CBFD166000FE312 /* Sources */ = {
			isa = PBXSourcesBuildPhase;
			buildActionMask = 2147483647;
			files = (
				0B7C8C0A1CC20642000FE312 /* Plugin.swift in Sources */,
				0B7C8C021CC1422B000FE312 /* Definitions.swift in Sources */,
				0B7C8BFE1CC14006000FE312 /* SlidesWindowController.swift in Sources */,
				0B7C8BE01CBFD166000FE312 /* MainViewController.swift in Sources */,
				0B7C8C071CC1DC33000FE312 /* Slides.swift in Sources */,
				0B7C8C0E1CC20865000FE312 /* TFPlugInLoader.m in Sources */,
				0B7C8C001CC14016000FE312 /* SlidesViewController.swift in Sources */,
				0B7C8BDE1CBFD166000FE312 /* AppDelegate.swift in Sources */,
				0B7C8BF91CC13E14000FE312 /* MainWindowController.swift in Sources */,
				0B7C8BE21CBFD166000FE312 /* Document.swift in Sources */,
			);
			runOnlyForDeploymentPostprocessing = 0;
		};
		0B7C8C101CC22748000FE312 /* Sources */ = {
			isa = PBXSourcesBuildPhase;
			buildActionMask = 2147483647;
			files = (
			);
			runOnlyForDeploymentPostprocessing = 0;
		};
		0B7C8C1C1CC227E7000FE312 /* Sources */ = {
			isa = PBXSourcesBuildPhase;
			buildActionMask = 2147483647;
			files = (
				0B6EED821CC25755001BC00B /* BasicCoverViewController.swift in Sources */,
			);
			runOnlyForDeploymentPostprocessing = 0;
		};
/* End PBXSourcesBuildPhase section */

/* Begin PBXVariantGroup section */
		0B7C8BE51CBFD166000FE312 /* Main.storyboard */ = {
			isa = PBXVariantGroup;
			children = (
				0B7C8BE61CBFD166000FE312 /* Base */,
			);
			name = Main.storyboard;
			sourceTree = "<group>";
		};
/* End PBXVariantGroup section */

/* Begin XCBuildConfiguration section */
		0B7C8BE91CBFD166000FE312 /* Debug */ = {
			isa = XCBuildConfiguration;
			buildSettings = {
				ALWAYS_SEARCH_USER_PATHS = NO;
				CLANG_ANALYZER_NONNULL = YES;
				CLANG_CXX_LANGUAGE_STANDARD = "gnu++0x";
				CLANG_CXX_LIBRARY = "libc++";
				CLANG_ENABLE_MODULES = YES;
				CLANG_ENABLE_OBJC_ARC = YES;
				CLANG_WARN_BOOL_CONVERSION = YES;
				CLANG_WARN_CONSTANT_CONVERSION = YES;
				CLANG_WARN_DIRECT_OBJC_ISA_USAGE = YES_ERROR;
				CLANG_WARN_EMPTY_BODY = YES;
				CLANG_WARN_ENUM_CONVERSION = YES;
				CLANG_WARN_INT_CONVERSION = YES;
				CLANG_WARN_OBJC_ROOT_CLASS = YES_ERROR;
				CLANG_WARN_UNREACHABLE_CODE = YES;
				CLANG_WARN__DUPLICATE_METHOD_MATCH = YES;
				CODE_SIGN_IDENTITY = "-";
				COPY_PHASE_STRIP = NO;
				DEBUG_INFORMATION_FORMAT = dwarf;
				ENABLE_STRICT_OBJC_MSGSEND = YES;
				ENABLE_TESTABILITY = YES;
				GCC_C_LANGUAGE_STANDARD = gnu99;
				GCC_DYNAMIC_NO_PIC = NO;
				GCC_NO_COMMON_BLOCKS = YES;
				GCC_OPTIMIZATION_LEVEL = 0;
				GCC_PREPROCESSOR_DEFINITIONS = (
					"DEBUG=1",
					"$(inherited)",
				);
				GCC_WARN_64_TO_32_BIT_CONVERSION = YES;
				GCC_WARN_ABOUT_RETURN_TYPE = YES_ERROR;
				GCC_WARN_UNDECLARED_SELECTOR = YES;
				GCC_WARN_UNINITIALIZED_AUTOS = YES_AGGRESSIVE;
				GCC_WARN_UNUSED_FUNCTION = YES;
				GCC_WARN_UNUSED_VARIABLE = YES;
				MACOSX_DEPLOYMENT_TARGET = 10.11;
				MTL_ENABLE_DEBUG_INFO = YES;
				ONLY_ACTIVE_ARCH = YES;
				SDKROOT = macosx;
				SWIFT_OPTIMIZATION_LEVEL = "-Onone";
			};
			name = Debug;
		};
		0B7C8BEA1CBFD166000FE312 /* Release */ = {
			isa = XCBuildConfiguration;
			buildSettings = {
				ALWAYS_SEARCH_USER_PATHS = NO;
				CLANG_ANALYZER_NONNULL = YES;
				CLANG_CXX_LANGUAGE_STANDARD = "gnu++0x";
				CLANG_CXX_LIBRARY = "libc++";
				CLANG_ENABLE_MODULES = YES;
				CLANG_ENABLE_OBJC_ARC = YES;
				CLANG_WARN_BOOL_CONVERSION = YES;
				CLANG_WARN_CONSTANT_CONVERSION = YES;
				CLANG_WARN_DIRECT_OBJC_ISA_USAGE = YES_ERROR;
				CLANG_WARN_EMPTY_BODY = YES;
				CLANG_WARN_ENUM_CONVERSION = YES;
				CLANG_WARN_INT_CONVERSION = YES;
				CLANG_WARN_OBJC_ROOT_CLASS = YES_ERROR;
				CLANG_WARN_UNREACHABLE_CODE = YES;
				CLANG_WARN__DUPLICATE_METHOD_MATCH = YES;
				CODE_SIGN_IDENTITY = "-";
				COPY_PHASE_STRIP = NO;
				DEBUG_INFORMATION_FORMAT = "dwarf-with-dsym";
				ENABLE_NS_ASSERTIONS = NO;
				ENABLE_STRICT_OBJC_MSGSEND = YES;
				GCC_C_LANGUAGE_STANDARD = gnu99;
				GCC_NO_COMMON_BLOCKS = YES;
				GCC_WARN_64_TO_32_BIT_CONVERSION = YES;
				GCC_WARN_ABOUT_RETURN_TYPE = YES_ERROR;
				GCC_WARN_UNDECLARED_SELECTOR = YES;
				GCC_WARN_UNINITIALIZED_AUTOS = YES_AGGRESSIVE;
				GCC_WARN_UNUSED_FUNCTION = YES;
				GCC_WARN_UNUSED_VARIABLE = YES;
				MACOSX_DEPLOYMENT_TARGET = 10.11;
				MTL_ENABLE_DEBUG_INFO = NO;
				SDKROOT = macosx;
			};
			name = Release;
		};
		0B7C8BEC1CBFD166000FE312 /* Debug */ = {
			isa = XCBuildConfiguration;
			buildSettings = {
				ASSETCATALOG_COMPILER_APPICON_NAME = AppIcon;
				CLANG_ENABLE_MODULES = YES;
				COMBINE_HIDPI_IMAGES = YES;
				EMBEDDED_CONTENT_CONTAINS_SWIFT = YES;
				FRAMEWORK_SEARCH_PATHS = (
					"$(inherited)",
					"$(PROJECT_DIR)/Carthage/Build/Mac",
				);
				INFOPLIST_FILE = Truffaut/Info.plist;
				LD_RUNPATH_SEARCH_PATHS = "$(inherited) @executable_path/../Frameworks";
				PRODUCT_BUNDLE_IDENTIFIER = com.codezerker.Truffaut;
				PRODUCT_NAME = "$(TARGET_NAME)";
				SWIFT_OBJC_BRIDGING_HEADER = "Truffaut/Truffaut-Bridging-Header.h";
				SWIFT_OPTIMIZATION_LEVEL = "-Onone";
			};
			name = Debug;
		};
		0B7C8BED1CBFD166000FE312 /* Release */ = {
			isa = XCBuildConfiguration;
			buildSettings = {
				ASSETCATALOG_COMPILER_APPICON_NAME = AppIcon;
				CLANG_ENABLE_MODULES = YES;
				COMBINE_HIDPI_IMAGES = YES;
				EMBEDDED_CONTENT_CONTAINS_SWIFT = YES;
				FRAMEWORK_SEARCH_PATHS = (
					"$(inherited)",
					"$(PROJECT_DIR)/Carthage/Build/Mac",
				);
				INFOPLIST_FILE = Truffaut/Info.plist;
				LD_RUNPATH_SEARCH_PATHS = "$(inherited) @executable_path/../Frameworks";
				PRODUCT_BUNDLE_IDENTIFIER = com.codezerker.Truffaut;
				PRODUCT_NAME = "$(TARGET_NAME)";
				SWIFT_OBJC_BRIDGING_HEADER = "Truffaut/Truffaut-Bridging-Header.h";
			};
			name = Release;
		};
		0B7C8C181CC22748000FE312 /* Debug */ = {
			isa = XCBuildConfiguration;
			buildSettings = {
				COMBINE_HIDPI_IMAGES = YES;
				INFOPLIST_FILE = BasicPageTemplate/Info.plist;
				INSTALL_PATH = "$(LOCAL_LIBRARY_DIR)/Bundles";
				PRODUCT_BUNDLE_IDENTIFIER = com.codezerker.BasicPageTemplate;
				PRODUCT_NAME = "$(TARGET_NAME)";
				SKIP_INSTALL = YES;
				WRAPPER_EXTENSION = truffautplugin;
			};
			name = Debug;
		};
		0B7C8C191CC22748000FE312 /* Release */ = {
			isa = XCBuildConfiguration;
			buildSettings = {
				COMBINE_HIDPI_IMAGES = YES;
				INFOPLIST_FILE = BasicPageTemplate/Info.plist;
				INSTALL_PATH = "$(LOCAL_LIBRARY_DIR)/Bundles";
				PRODUCT_BUNDLE_IDENTIFIER = com.codezerker.BasicPageTemplate;
				PRODUCT_NAME = "$(TARGET_NAME)";
				SKIP_INSTALL = YES;
				WRAPPER_EXTENSION = truffautplugin;
			};
			name = Release;
		};
		0B7C8C241CC227E7000FE312 /* Debug */ = {
			isa = XCBuildConfiguration;
			buildSettings = {
				CLANG_ENABLE_MODULES = YES;
				COMBINE_HIDPI_IMAGES = YES;
				INFOPLIST_FILE = BasicCoverTemplate/Info.plist;
				INSTALL_PATH = "$(LOCAL_LIBRARY_DIR)/Bundles";
				LD_RUNPATH_SEARCH_PATHS = "$(inherited) @executable_path/../Frameworks @loader_path/../Frameworks";
				PRODUCT_BUNDLE_IDENTIFIER = com.codezerker.BasicCoverTemplate;
				PRODUCT_NAME = "$(TARGET_NAME)";
				SKIP_INSTALL = YES;
				SWIFT_OBJC_BRIDGING_HEADER = "BasicCoverTemplate-Bridging-Header.h";
				SWIFT_OPTIMIZATION_LEVEL = "-Onone";
				WRAPPER_EXTENSION = truffautplugin;
			};
			name = Debug;
		};
		0B7C8C251CC227E7000FE312 /* Release */ = {
			isa = XCBuildConfiguration;
			buildSettings = {
				CLANG_ENABLE_MODULES = YES;
				COMBINE_HIDPI_IMAGES = YES;
				INFOPLIST_FILE = BasicCoverTemplate/Info.plist;
				INSTALL_PATH = "$(LOCAL_LIBRARY_DIR)/Bundles";
				LD_RUNPATH_SEARCH_PATHS = "$(inherited) @executable_path/../Frameworks @loader_path/../Frameworks";
				PRODUCT_BUNDLE_IDENTIFIER = com.codezerker.BasicCoverTemplate;
				PRODUCT_NAME = "$(TARGET_NAME)";
				SKIP_INSTALL = YES;
				SWIFT_OBJC_BRIDGING_HEADER = "BasicCoverTemplate-Bridging-Header.h";
				WRAPPER_EXTENSION = truffautplugin;
			};
			name = Release;
		};
/* End XCBuildConfiguration section */

/* Begin XCConfigurationList section */
		0B7C8BD51CBFD166000FE312 /* Build configuration list for PBXProject "Truffaut" */ = {
			isa = XCConfigurationList;
			buildConfigurations = (
				0B7C8BE91CBFD166000FE312 /* Debug */,
				0B7C8BEA1CBFD166000FE312 /* Release */,
			);
			defaultConfigurationIsVisible = 0;
			defaultConfigurationName = Release;
		};
		0B7C8BEB1CBFD166000FE312 /* Build configuration list for PBXNativeTarget "Truffaut" */ = {
			isa = XCConfigurationList;
			buildConfigurations = (
				0B7C8BEC1CBFD166000FE312 /* Debug */,
				0B7C8BED1CBFD166000FE312 /* Release */,
			);
			defaultConfigurationIsVisible = 0;
			defaultConfigurationName = Release;
		};
		0B7C8C171CC22748000FE312 /* Build configuration list for PBXNativeTarget "BasicPageTemplate" */ = {
			isa = XCConfigurationList;
			buildConfigurations = (
				0B7C8C181CC22748000FE312 /* Debug */,
				0B7C8C191CC22748000FE312 /* Release */,
			);
			defaultConfigurationIsVisible = 0;
			defaultConfigurationName = Release;
		};
		0B7C8C231CC227E7000FE312 /* Build configuration list for PBXNativeTarget "BasicCoverTemplate" */ = {
			isa = XCConfigurationList;
			buildConfigurations = (
				0B7C8C241CC227E7000FE312 /* Debug */,
				0B7C8C251CC227E7000FE312 /* Release */,
			);
			defaultConfigurationIsVisible = 0;
			defaultConfigurationName = Release;
		};
/* End XCConfigurationList section */
	};
	rootObject = 0B7C8BD21CBFD166000FE312 /* Project object */;
}
