// !$*UTF8*$!
{
	archiveVersion = 1;
	classes = {
	};
	objectVersion = 46;
	objects = {

/* Begin PBXBuildFile section */
		0B2FB9DC1CC3D66F005A3FEA /* FileMonitor.swift in Sources */ = {isa = PBXBuildFile; fileRef = 0B2FB9DB1CC3D66F005A3FEA /* FileMonitor.swift */; };
		0B2FB9DE1CC3D684005A3FEA /* CoreServices.framework in Frameworks */ = {isa = PBXBuildFile; fileRef = 0B2FB9DD1CC3D684005A3FEA /* CoreServices.framework */; };
		0B6EED821CC25755001BC00B /* BasicCoverViewController.swift in Sources */ = {isa = PBXBuildFile; fileRef = 0B6EED801CC25755001BC00B /* BasicCoverViewController.swift */; };
		0B6EED831CC25755001BC00B /* BasicCoverViewController.xib in Resources */ = {isa = PBXBuildFile; fileRef = 0B6EED811CC25755001BC00B /* BasicCoverViewController.xib */; };
		0B6EED861CC26CAA001BC00B /* Extensions.swift in Sources */ = {isa = PBXBuildFile; fileRef = 0B6EED851CC26CAA001BC00B /* Extensions.swift */; };
		0B6EED891CC26E4B001BC00B /* Template.swift in Sources */ = {isa = PBXBuildFile; fileRef = 0B6EED881CC26E4B001BC00B /* Template.swift */; };
		0B6EED8C1CC26E6A001BC00B /* Template.swift in Sources */ = {isa = PBXBuildFile; fileRef = 0B6EED8B1CC26E6A001BC00B /* Template.swift */; };
		0B6EED8F1CC26EB0001BC00B /* BasicPageViewController.swift in Sources */ = {isa = PBXBuildFile; fileRef = 0B6EED8D1CC26EB0001BC00B /* BasicPageViewController.swift */; };
		0B6EED901CC26EB0001BC00B /* BasicPageViewController.xib in Resources */ = {isa = PBXBuildFile; fileRef = 0B6EED8E1CC26EB0001BC00B /* BasicPageViewController.xib */; };
		0B6EED931CC27584001BC00B /* MenuActionDispatcher.swift in Sources */ = {isa = PBXBuildFile; fileRef = 0B6EED921CC27584001BC00B /* MenuActionDispatcher.swift */; };
		0B7C8BDE1CBFD166000FE312 /* AppDelegate.swift in Sources */ = {isa = PBXBuildFile; fileRef = 0B7C8BDD1CBFD166000FE312 /* AppDelegate.swift */; };
		0B7C8BE01CBFD166000FE312 /* MainViewController.swift in Sources */ = {isa = PBXBuildFile; fileRef = 0B7C8BDF1CBFD166000FE312 /* MainViewController.swift */; };
		0B7C8BE21CBFD166000FE312 /* Document.swift in Sources */ = {isa = PBXBuildFile; fileRef = 0B7C8BE11CBFD166000FE312 /* Document.swift */; };
		0B7C8BE41CBFD166000FE312 /* Assets.xcassets in Resources */ = {isa = PBXBuildFile; fileRef = 0B7C8BE31CBFD166000FE312 /* Assets.xcassets */; };
		0B7C8BE71CBFD166000FE312 /* Main.storyboard in Resources */ = {isa = PBXBuildFile; fileRef = 0B7C8BE51CBFD166000FE312 /* Main.storyboard */; };
		0B7C8BF51CC139FD000FE312 /* pop.framework in Frameworks */ = {isa = PBXBuildFile; fileRef = 0B7C8BF31CC139EB000FE312 /* pop.framework */; };
		0B7C8BF61CC139FD000FE312 /* pop.framework in Embed Frameworks */ = {isa = PBXBuildFile; fileRef = 0B7C8BF31CC139EB000FE312 /* pop.framework */; settings = {ATTRIBUTES = (CodeSignOnCopy, RemoveHeadersOnCopy, ); }; };
		0B7C8BF91CC13E14000FE312 /* MainWindowController.swift in Sources */ = {isa = PBXBuildFile; fileRef = 0B7C8BF81CC13E14000FE312 /* MainWindowController.swift */; };
		0B7C8BFE1CC14006000FE312 /* SlidesWindowController.swift in Sources */ = {isa = PBXBuildFile; fileRef = 0B7C8BFD1CC14006000FE312 /* SlidesWindowController.swift */; };
		0B7C8C001CC14016000FE312 /* SlidesViewController.swift in Sources */ = {isa = PBXBuildFile; fileRef = 0B7C8BFF1CC14016000FE312 /* SlidesViewController.swift */; };
		0B7C8C021CC1422B000FE312 /* Definitions.swift in Sources */ = {isa = PBXBuildFile; fileRef = 0B7C8C011CC1422B000FE312 /* Definitions.swift */; };
		0B7C8C071CC1DC33000FE312 /* Slides.swift in Sources */ = {isa = PBXBuildFile; fileRef = 0B7C8C061CC1DC33000FE312 /* Slides.swift */; };
		0B7C8C0A1CC20642000FE312 /* Plugin.swift in Sources */ = {isa = PBXBuildFile; fileRef = 0B7C8C091CC20642000FE312 /* Plugin.swift */; };
		0B7C8C0E1CC20865000FE312 /* TFPlugInLoader.m in Sources */ = {isa = PBXBuildFile; fileRef = 0B7C8C0D1CC20865000FE312 /* TFPlugInLoader.m */; };
		0B7C8C1B1CC227C1000FE312 /* BasicPageTemplate.truffautplugin in Embed Slide Templates */ = {isa = PBXBuildFile; fileRef = 0B7C8C141CC22748000FE312 /* BasicPageTemplate.truffautplugin */; settings = {ATTRIBUTES = (CodeSignOnCopy, RemoveHeadersOnCopy, ); }; };
		0B7C8C261CC22800000FE312 /* BasicCoverTemplate.truffautplugin in Embed Slide Templates */ = {isa = PBXBuildFile; fileRef = 0B7C8C201CC227E7000FE312 /* BasicCoverTemplate.truffautplugin */; settings = {ATTRIBUTES = (CodeSignOnCopy, RemoveHeadersOnCopy, ); }; };
		29653B9E1CD8B46A001A992B /* AppDelegate.swift in Sources */ = {isa = PBXBuildFile; fileRef = 29653B9D1CD8B46A001A992B /* AppDelegate.swift */; };
		29653BA01CD8B46A001A992B /* WelcomeViewController.swift in Sources */ = {isa = PBXBuildFile; fileRef = 29653B9F1CD8B46A001A992B /* WelcomeViewController.swift */; };
		29653BA31CD8B46A001A992B /* Main.storyboard in Resources */ = {isa = PBXBuildFile; fileRef = 29653BA11CD8B46A001A992B /* Main.storyboard */; };
		29653BA51CD8B46A001A992B /* Assets.xcassets in Resources */ = {isa = PBXBuildFile; fileRef = 29653BA41CD8B46A001A992B /* Assets.xcassets */; };
		29653BA81CD8B46A001A992B /* LaunchScreen.storyboard in Resources */ = {isa = PBXBuildFile; fileRef = 29653BA61CD8B46A001A992B /* LaunchScreen.storyboard */; };
		29653BAE1CD8B72C001A992B /* MultipeerConnectivity.framework in Frameworks */ = {isa = PBXBuildFile; fileRef = 29653BAD1CD8B72C001A992B /* MultipeerConnectivity.framework */; };
		29A7E8631CC9F5EE005E40D8 /* SourceKittenFramework.framework in Frameworks */ = {isa = PBXBuildFile; fileRef = 29A7E8621CC9F5EE005E40D8 /* SourceKittenFramework.framework */; };
		29A7E8641CC9F60E005E40D8 /* SourceKittenFramework.framework in Embed Frameworks */ = {isa = PBXBuildFile; fileRef = 29A7E8621CC9F5EE005E40D8 /* SourceKittenFramework.framework */; settings = {ATTRIBUTES = (CodeSignOnCopy, RemoveHeadersOnCopy, ); }; };
		29A7E86B1CC9FFB1005E40D8 /* Commandant.framework in Frameworks */ = {isa = PBXBuildFile; fileRef = 29A7E8651CC9FEAA005E40D8 /* Commandant.framework */; };
		29A7E86C1CC9FFB1005E40D8 /* Commandant.framework in Embed Frameworks */ = {isa = PBXBuildFile; fileRef = 29A7E8651CC9FEAA005E40D8 /* Commandant.framework */; settings = {ATTRIBUTES = (CodeSignOnCopy, RemoveHeadersOnCopy, ); }; };
		29A7E86D1CC9FFB1005E40D8 /* Result.framework in Frameworks */ = {isa = PBXBuildFile; fileRef = 29A7E8661CC9FEAA005E40D8 /* Result.framework */; };
		29A7E86E1CC9FFB1005E40D8 /* Result.framework in Embed Frameworks */ = {isa = PBXBuildFile; fileRef = 29A7E8661CC9FEAA005E40D8 /* Result.framework */; settings = {ATTRIBUTES = (CodeSignOnCopy, RemoveHeadersOnCopy, ); }; };
		29A7E86F1CC9FFB1005E40D8 /* SWXMLHash.framework in Frameworks */ = {isa = PBXBuildFile; fileRef = 29A7E8671CC9FEAA005E40D8 /* SWXMLHash.framework */; };
		29A7E8701CC9FFB1005E40D8 /* SWXMLHash.framework in Embed Frameworks */ = {isa = PBXBuildFile; fileRef = 29A7E8671CC9FEAA005E40D8 /* SWXMLHash.framework */; settings = {ATTRIBUTES = (CodeSignOnCopy, RemoveHeadersOnCopy, ); }; };
		29A7E8721CCA1DD1005E40D8 /* JSONParser.swift in Sources */ = {isa = PBXBuildFile; fileRef = 29A7E8711CCA1DD1005E40D8 /* JSONParser.swift */; };
		29A7E8741CCA1DDC005E40D8 /* SwiftParser.swift in Sources */ = {isa = PBXBuildFile; fileRef = 29A7E8731CCA1DDC005E40D8 /* SwiftParser.swift */; };
/* End PBXBuildFile section */

/* Begin PBXContainerItemProxy section */
		29F4791E1CC8B49A001CBB63 /* PBXContainerItemProxy */ = {
			isa = PBXContainerItemProxy;
			containerPortal = 0B7C8BD21CBFD166000FE312 /* Project object */;
			proxyType = 1;
			remoteGlobalIDString = 0B7C8C1F1CC227E7000FE312;
			remoteInfo = BasicCoverTemplate;
		};
		29F479201CC8B49A001CBB63 /* PBXContainerItemProxy */ = {
			isa = PBXContainerItemProxy;
			containerPortal = 0B7C8BD21CBFD166000FE312 /* Project object */;
			proxyType = 1;
			remoteGlobalIDString = 0B7C8C131CC22748000FE312;
			remoteInfo = BasicPageTemplate;
		};
/* End PBXContainerItemProxy section */

/* Begin PBXCopyFilesBuildPhase section */
		0B7C8BF71CC139FD000FE312 /* Embed Frameworks */ = {
			isa = PBXCopyFilesBuildPhase;
			buildActionMask = 2147483647;
			dstPath = "";
			dstSubfolderSpec = 10;
			files = (
				29A7E86C1CC9FFB1005E40D8 /* Commandant.framework in Embed Frameworks */,
				29A7E8641CC9F60E005E40D8 /* SourceKittenFramework.framework in Embed Frameworks */,
				0B7C8BF61CC139FD000FE312 /* pop.framework in Embed Frameworks */,
				29A7E86E1CC9FFB1005E40D8 /* Result.framework in Embed Frameworks */,
				29A7E8701CC9FFB1005E40D8 /* SWXMLHash.framework in Embed Frameworks */,
			);
			name = "Embed Frameworks";
			runOnlyForDeploymentPostprocessing = 0;
		};
		0B7C8C1A1CC227A7000FE312 /* Embed Slide Templates */ = {
			isa = PBXCopyFilesBuildPhase;
			buildActionMask = 2147483647;
			dstPath = "";
			dstSubfolderSpec = 13;
			files = (
				0B7C8C261CC22800000FE312 /* BasicCoverTemplate.truffautplugin in Embed Slide Templates */,
				0B7C8C1B1CC227C1000FE312 /* BasicPageTemplate.truffautplugin in Embed Slide Templates */,
			);
			name = "Embed Slide Templates";
			runOnlyForDeploymentPostprocessing = 0;
		};
/* End PBXCopyFilesBuildPhase section */

/* Begin PBXFileReference section */
		0B2FB9DB1CC3D66F005A3FEA /* FileMonitor.swift */ = {isa = PBXFileReference; fileEncoding = 4; lastKnownFileType = sourcecode.swift; path = FileMonitor.swift; sourceTree = "<group>"; };
		0B2FB9DD1CC3D684005A3FEA /* CoreServices.framework */ = {isa = PBXFileReference; lastKnownFileType = wrapper.framework; name = CoreServices.framework; path = System/Library/Frameworks/CoreServices.framework; sourceTree = SDKROOT; };
		0B6EED801CC25755001BC00B /* BasicCoverViewController.swift */ = {isa = PBXFileReference; fileEncoding = 4; lastKnownFileType = sourcecode.swift; path = BasicCoverViewController.swift; sourceTree = "<group>"; };
		0B6EED811CC25755001BC00B /* BasicCoverViewController.xib */ = {isa = PBXFileReference; fileEncoding = 4; lastKnownFileType = file.xib; path = BasicCoverViewController.xib; sourceTree = "<group>"; };
		0B6EED851CC26CAA001BC00B /* Extensions.swift */ = {isa = PBXFileReference; fileEncoding = 4; lastKnownFileType = sourcecode.swift; path = Extensions.swift; sourceTree = "<group>"; };
		0B6EED871CC26CC5001BC00B /* BasicCoverTemplate-Bridging-Header.h */ = {isa = PBXFileReference; lastKnownFileType = sourcecode.c.h; path = "BasicCoverTemplate-Bridging-Header.h"; sourceTree = "<group>"; };
		0B6EED881CC26E4B001BC00B /* Template.swift */ = {isa = PBXFileReference; fileEncoding = 4; lastKnownFileType = sourcecode.swift; path = Template.swift; sourceTree = "<group>"; };
		0B6EED8A1CC26E6A001BC00B /* BasicPageTemplate-Bridging-Header.h */ = {isa = PBXFileReference; lastKnownFileType = sourcecode.c.h; path = "BasicPageTemplate-Bridging-Header.h"; sourceTree = "<group>"; };
		0B6EED8B1CC26E6A001BC00B /* Template.swift */ = {isa = PBXFileReference; fileEncoding = 4; lastKnownFileType = sourcecode.swift; path = Template.swift; sourceTree = "<group>"; };
		0B6EED8D1CC26EB0001BC00B /* BasicPageViewController.swift */ = {isa = PBXFileReference; fileEncoding = 4; lastKnownFileType = sourcecode.swift; path = BasicPageViewController.swift; sourceTree = "<group>"; };
		0B6EED8E1CC26EB0001BC00B /* BasicPageViewController.xib */ = {isa = PBXFileReference; fileEncoding = 4; lastKnownFileType = file.xib; path = BasicPageViewController.xib; sourceTree = "<group>"; };
		0B6EED921CC27584001BC00B /* MenuActionDispatcher.swift */ = {isa = PBXFileReference; fileEncoding = 4; lastKnownFileType = sourcecode.swift; path = MenuActionDispatcher.swift; sourceTree = "<group>"; };
		0B7C8BDA1CBFD166000FE312 /* Truffaut.app */ = {isa = PBXFileReference; explicitFileType = wrapper.application; includeInIndex = 0; path = Truffaut.app; sourceTree = BUILT_PRODUCTS_DIR; };
		0B7C8BDD1CBFD166000FE312 /* AppDelegate.swift */ = {isa = PBXFileReference; lastKnownFileType = sourcecode.swift; path = AppDelegate.swift; sourceTree = "<group>"; };
		0B7C8BDF1CBFD166000FE312 /* MainViewController.swift */ = {isa = PBXFileReference; lastKnownFileType = sourcecode.swift; path = MainViewController.swift; sourceTree = "<group>"; };
		0B7C8BE11CBFD166000FE312 /* Document.swift */ = {isa = PBXFileReference; lastKnownFileType = sourcecode.swift; path = Document.swift; sourceTree = "<group>"; };
		0B7C8BE31CBFD166000FE312 /* Assets.xcassets */ = {isa = PBXFileReference; lastKnownFileType = folder.assetcatalog; path = Assets.xcassets; sourceTree = "<group>"; };
		0B7C8BE61CBFD166000FE312 /* Base */ = {isa = PBXFileReference; lastKnownFileType = file.storyboard; name = Base; path = Base.lproj/Main.storyboard; sourceTree = "<group>"; };
		0B7C8BE81CBFD166000FE312 /* Info.plist */ = {isa = PBXFileReference; lastKnownFileType = text.plist.xml; path = Info.plist; sourceTree = "<group>"; };
		0B7C8BF31CC139EB000FE312 /* pop.framework */ = {isa = PBXFileReference; lastKnownFileType = wrapper.framework; name = pop.framework; path = Carthage/Build/Mac/pop.framework; sourceTree = "<group>"; };
		0B7C8BF81CC13E14000FE312 /* MainWindowController.swift */ = {isa = PBXFileReference; fileEncoding = 4; lastKnownFileType = sourcecode.swift; path = MainWindowController.swift; sourceTree = "<group>"; };
		0B7C8BFD1CC14006000FE312 /* SlidesWindowController.swift */ = {isa = PBXFileReference; fileEncoding = 4; lastKnownFileType = sourcecode.swift; path = SlidesWindowController.swift; sourceTree = "<group>"; };
		0B7C8BFF1CC14016000FE312 /* SlidesViewController.swift */ = {isa = PBXFileReference; fileEncoding = 4; lastKnownFileType = sourcecode.swift; path = SlidesViewController.swift; sourceTree = "<group>"; };
		0B7C8C011CC1422B000FE312 /* Definitions.swift */ = {isa = PBXFileReference; fileEncoding = 4; lastKnownFileType = sourcecode.swift; path = Definitions.swift; sourceTree = "<group>"; };
		0B7C8C061CC1DC33000FE312 /* Slides.swift */ = {isa = PBXFileReference; fileEncoding = 4; lastKnownFileType = sourcecode.swift; path = Slides.swift; sourceTree = "<group>"; };
		0B7C8C091CC20642000FE312 /* Plugin.swift */ = {isa = PBXFileReference; fileEncoding = 4; lastKnownFileType = sourcecode.swift; path = Plugin.swift; sourceTree = "<group>"; };
		0B7C8C0B1CC20865000FE312 /* Truffaut-Bridging-Header.h */ = {isa = PBXFileReference; lastKnownFileType = sourcecode.c.h; path = "Truffaut-Bridging-Header.h"; sourceTree = "<group>"; };
		0B7C8C0C1CC20865000FE312 /* TFPlugInLoader.h */ = {isa = PBXFileReference; fileEncoding = 4; lastKnownFileType = sourcecode.c.h; path = TFPlugInLoader.h; sourceTree = "<group>"; };
		0B7C8C0D1CC20865000FE312 /* TFPlugInLoader.m */ = {isa = PBXFileReference; fileEncoding = 4; lastKnownFileType = sourcecode.c.objc; path = TFPlugInLoader.m; sourceTree = "<group>"; };
		0B7C8C0F1CC209F2000FE312 /* TFTemplate.h */ = {isa = PBXFileReference; lastKnownFileType = sourcecode.c.h; path = TFTemplate.h; sourceTree = "<group>"; };
		0B7C8C141CC22748000FE312 /* BasicPageTemplate.truffautplugin */ = {isa = PBXFileReference; explicitFileType = wrapper.cfbundle; includeInIndex = 0; path = BasicPageTemplate.truffautplugin; sourceTree = BUILT_PRODUCTS_DIR; };
		0B7C8C161CC22748000FE312 /* Info.plist */ = {isa = PBXFileReference; lastKnownFileType = text.plist.xml; path = Info.plist; sourceTree = "<group>"; };
		0B7C8C201CC227E7000FE312 /* BasicCoverTemplate.truffautplugin */ = {isa = PBXFileReference; explicitFileType = wrapper.cfbundle; includeInIndex = 0; path = BasicCoverTemplate.truffautplugin; sourceTree = BUILT_PRODUCTS_DIR; };
		0B7C8C221CC227E7000FE312 /* Info.plist */ = {isa = PBXFileReference; lastKnownFileType = text.plist.xml; path = Info.plist; sourceTree = "<group>"; };
		29653B9B1CD8B46A001A992B /* Remote.app */ = {isa = PBXFileReference; explicitFileType = wrapper.application; includeInIndex = 0; path = Remote.app; sourceTree = BUILT_PRODUCTS_DIR; };
		29653B9D1CD8B46A001A992B /* AppDelegate.swift */ = {isa = PBXFileReference; lastKnownFileType = sourcecode.swift; path = AppDelegate.swift; sourceTree = "<group>"; };
		29653B9F1CD8B46A001A992B /* WelcomeViewController.swift */ = {isa = PBXFileReference; lastKnownFileType = sourcecode.swift; path = WelcomeViewController.swift; sourceTree = "<group>"; };
		29653BA21CD8B46A001A992B /* Base */ = {isa = PBXFileReference; lastKnownFileType = file.storyboard; name = Base; path = Base.lproj/Main.storyboard; sourceTree = "<group>"; };
		29653BA41CD8B46A001A992B /* Assets.xcassets */ = {isa = PBXFileReference; lastKnownFileType = folder.assetcatalog; path = Assets.xcassets; sourceTree = "<group>"; };
		29653BA71CD8B46A001A992B /* Base */ = {isa = PBXFileReference; lastKnownFileType = file.storyboard; name = Base; path = Base.lproj/LaunchScreen.storyboard; sourceTree = "<group>"; };
		29653BA91CD8B46A001A992B /* Info.plist */ = {isa = PBXFileReference; lastKnownFileType = text.plist.xml; path = Info.plist; sourceTree = "<group>"; };
		29653BAD1CD8B72C001A992B /* MultipeerConnectivity.framework */ = {isa = PBXFileReference; lastKnownFileType = wrapper.framework; name = MultipeerConnectivity.framework; path = Platforms/iPhoneOS.platform/Developer/SDKs/iPhoneOS9.3.sdk/System/Library/Frameworks/MultipeerConnectivity.framework; sourceTree = DEVELOPER_DIR; };
		29A7E8621CC9F5EE005E40D8 /* SourceKittenFramework.framework */ = {isa = PBXFileReference; lastKnownFileType = wrapper.framework; name = SourceKittenFramework.framework; path = Carthage/Build/Mac/SourceKittenFramework.framework; sourceTree = "<group>"; };
		29A7E8651CC9FEAA005E40D8 /* Commandant.framework */ = {isa = PBXFileReference; lastKnownFileType = wrapper.framework; name = Commandant.framework; path = Carthage/Build/Mac/Commandant.framework; sourceTree = "<group>"; };
		29A7E8661CC9FEAA005E40D8 /* Result.framework */ = {isa = PBXFileReference; lastKnownFileType = wrapper.framework; name = Result.framework; path = Carthage/Build/Mac/Result.framework; sourceTree = "<group>"; };
		29A7E8671CC9FEAA005E40D8 /* SWXMLHash.framework */ = {isa = PBXFileReference; lastKnownFileType = wrapper.framework; name = SWXMLHash.framework; path = Carthage/Build/Mac/SWXMLHash.framework; sourceTree = "<group>"; };
		29A7E8711CCA1DD1005E40D8 /* JSONParser.swift */ = {isa = PBXFileReference; fileEncoding = 4; lastKnownFileType = sourcecode.swift; path = JSONParser.swift; sourceTree = "<group>"; };
		29A7E8731CCA1DDC005E40D8 /* SwiftParser.swift */ = {isa = PBXFileReference; fileEncoding = 4; lastKnownFileType = sourcecode.swift; path = SwiftParser.swift; sourceTree = "<group>"; };
/* End PBXFileReference section */

/* Begin PBXFrameworksBuildPhase section */
		0B7C8BD71CBFD166000FE312 /* Frameworks */ = {
			isa = PBXFrameworksBuildPhase;
			buildActionMask = 2147483647;
			files = (
				0B2FB9DE1CC3D684005A3FEA /* CoreServices.framework in Frameworks */,
				29A7E8631CC9F5EE005E40D8 /* SourceKittenFramework.framework in Frameworks */,
				29A7E86F1CC9FFB1005E40D8 /* SWXMLHash.framework in Frameworks */,
				29A7E86D1CC9FFB1005E40D8 /* Result.framework in Frameworks */,
				29A7E86B1CC9FFB1005E40D8 /* Commandant.framework in Frameworks */,
				0B7C8BF51CC139FD000FE312 /* pop.framework in Frameworks */,
			);
			runOnlyForDeploymentPostprocessing = 0;
		};
		0B7C8C111CC22748000FE312 /* Frameworks */ = {
			isa = PBXFrameworksBuildPhase;
			buildActionMask = 2147483647;
			files = (
			);
			runOnlyForDeploymentPostprocessing = 0;
		};
		0B7C8C1D1CC227E7000FE312 /* Frameworks */ = {
			isa = PBXFrameworksBuildPhase;
			buildActionMask = 2147483647;
			files = (
			);
			runOnlyForDeploymentPostprocessing = 0;
		};
		29653B981CD8B46A001A992B /* Frameworks */ = {
			isa = PBXFrameworksBuildPhase;
			buildActionMask = 2147483647;
			files = (
				29653BAE1CD8B72C001A992B /* MultipeerConnectivity.framework in Frameworks */,
			);
			runOnlyForDeploymentPostprocessing = 0;
		};
/* End PBXFrameworksBuildPhase section */

/* Begin PBXGroup section */
		0B2FB9DA1CC3D634005A3FEA /* FileMonitor */ = {
			isa = PBXGroup;
			children = (
				0B2FB9DB1CC3D66F005A3FEA /* FileMonitor.swift */,
			);
			name = FileMonitor;
			sourceTree = "<group>";
		};
		0B2FB9DF1CC3D68B005A3FEA /* Frameworks */ = {
			isa = PBXGroup;
			children = (
				0B2FB9DD1CC3D684005A3FEA /* CoreServices.framework */,
			);
			name = Frameworks;
			path = ..;
			sourceTree = "<group>";
		};
		0B6EED841CC26C83001BC00B /* Supporting Files */ = {
			isa = PBXGroup;
			children = (
				0B7C8BE31CBFD166000FE312 /* Assets.xcassets */,
				0B7C8BE81CBFD166000FE312 /* Info.plist */,
			);
			name = "Supporting Files";
			sourceTree = "<group>";
		};
		0B6EED911CC27568001BC00B /* Menu */ = {
			isa = PBXGroup;
			children = (
				0B6EED921CC27584001BC00B /* MenuActionDispatcher.swift */,
			);
			name = Menu;
			sourceTree = "<group>";
		};
		0B7C8BD11CBFD166000FE312 = {
			isa = PBXGroup;
			children = (
				0B7C8BDC1CBFD166000FE312 /* Truffaut */,
				0B7C8C211CC227E7000FE312 /* BasicCoverTemplate */,
				0B7C8C151CC22748000FE312 /* BasicPageTemplate */,
				29653B9C1CD8B46A001A992B /* Remote */,
				0B7C8BDB1CBFD166000FE312 /* Products */,
			);
			sourceTree = "<group>";
		};
		0B7C8BDB1CBFD166000FE312 /* Products */ = {
			isa = PBXGroup;
			children = (
				0B7C8BDA1CBFD166000FE312 /* Truffaut.app */,
				0B7C8C141CC22748000FE312 /* BasicPageTemplate.truffautplugin */,
				0B7C8C201CC227E7000FE312 /* BasicCoverTemplate.truffautplugin */,
				29653B9B1CD8B46A001A992B /* Remote.app */,
			);
			name = Products;
			sourceTree = "<group>";
		};
		0B7C8BDC1CBFD166000FE312 /* Truffaut */ = {
			isa = PBXGroup;
			children = (
				0B7C8BEE1CBFEA2B000FE312 /* Carthage */,
				0B2FB9DF1CC3D68B005A3FEA /* Frameworks */,
				0B7C8C0B1CC20865000FE312 /* Truffaut-Bridging-Header.h */,
				0B7C8BE51CBFD166000FE312 /* Main.storyboard */,
				0B7C8BDD1CBFD166000FE312 /* AppDelegate.swift */,
				0B7C8C011CC1422B000FE312 /* Definitions.swift */,
				0B6EED851CC26CAA001BC00B /* Extensions.swift */,
				0B6EED911CC27568001BC00B /* Menu */,
				0B7C8BFB1CC13F5D000FE312 /* Document */,
				0B2FB9DA1CC3D634005A3FEA /* FileMonitor */,
				0B7C8C081CC2062B000FE312 /* Plugin */,
				0B7C8BFA1CC13F4A000FE312 /* Main Window */,
				0B7C8BFC1CC13F91000FE312 /* Slides Window */,
				0B6EED841CC26C83001BC00B /* Supporting Files */,
			);
			path = Truffaut;
			sourceTree = "<group>";
		};
		0B7C8BEE1CBFEA2B000FE312 /* Carthage */ = {
			isa = PBXGroup;
			children = (
				29A7E8651CC9FEAA005E40D8 /* Commandant.framework */,
				29A7E8661CC9FEAA005E40D8 /* Result.framework */,
				29A7E8671CC9FEAA005E40D8 /* SWXMLHash.framework */,
				0B7C8BF31CC139EB000FE312 /* pop.framework */,
				29A7E8621CC9F5EE005E40D8 /* SourceKittenFramework.framework */,
			);
			name = Carthage;
			path = ..;
			sourceTree = "<group>";
		};
		0B7C8BFA1CC13F4A000FE312 /* Main Window */ = {
			isa = PBXGroup;
			children = (
				0B7C8BF81CC13E14000FE312 /* MainWindowController.swift */,
				0B7C8BDF1CBFD166000FE312 /* MainViewController.swift */,
			);
			name = "Main Window";
			sourceTree = "<group>";
		};
		0B7C8BFB1CC13F5D000FE312 /* Document */ = {
			isa = PBXGroup;
			children = (
				29A7E8731CCA1DDC005E40D8 /* SwiftParser.swift */,
				29A7E8711CCA1DD1005E40D8 /* JSONParser.swift */,
				0B7C8BE11CBFD166000FE312 /* Document.swift */,
				0B7C8C061CC1DC33000FE312 /* Slides.swift */,
			);
			name = Document;
			sourceTree = "<group>";
		};
		0B7C8BFC1CC13F91000FE312 /* Slides Window */ = {
			isa = PBXGroup;
			children = (
				0B7C8BFD1CC14006000FE312 /* SlidesWindowController.swift */,
				0B7C8BFF1CC14016000FE312 /* SlidesViewController.swift */,
			);
			name = "Slides Window";
			sourceTree = "<group>";
		};
		0B7C8C081CC2062B000FE312 /* Plugin */ = {
			isa = PBXGroup;
			children = (
				0B7C8C0F1CC209F2000FE312 /* TFTemplate.h */,
				0B7C8C0C1CC20865000FE312 /* TFPlugInLoader.h */,
				0B7C8C0D1CC20865000FE312 /* TFPlugInLoader.m */,
				0B7C8C091CC20642000FE312 /* Plugin.swift */,
			);
			name = Plugin;
			sourceTree = "<group>";
		};
		0B7C8C151CC22748000FE312 /* BasicPageTemplate */ = {
			isa = PBXGroup;
			children = (
				0B6EED8A1CC26E6A001BC00B /* BasicPageTemplate-Bridging-Header.h */,
				0B6EED8B1CC26E6A001BC00B /* Template.swift */,
				0B6EED8D1CC26EB0001BC00B /* BasicPageViewController.swift */,
				0B6EED8E1CC26EB0001BC00B /* BasicPageViewController.xib */,
				0B7C8C161CC22748000FE312 /* Info.plist */,
			);
			path = BasicPageTemplate;
			sourceTree = "<group>";
		};
		0B7C8C211CC227E7000FE312 /* BasicCoverTemplate */ = {
			isa = PBXGroup;
			children = (
				0B6EED871CC26CC5001BC00B /* BasicCoverTemplate-Bridging-Header.h */,
				0B6EED881CC26E4B001BC00B /* Template.swift */,
				0B6EED801CC25755001BC00B /* BasicCoverViewController.swift */,
				0B6EED811CC25755001BC00B /* BasicCoverViewController.xib */,
				0B7C8C221CC227E7000FE312 /* Info.plist */,
			);
			path = BasicCoverTemplate;
			sourceTree = "<group>";
		};
		29653B9C1CD8B46A001A992B /* Remote */ = {
			isa = PBXGroup;
			children = (
				29653B9D1CD8B46A001A992B /* AppDelegate.swift */,
				29653B9F1CD8B46A001A992B /* WelcomeViewController.swift */,
				29653BA11CD8B46A001A992B /* Main.storyboard */,
				29653BA41CD8B46A001A992B /* Assets.xcassets */,
				29653BA61CD8B46A001A992B /* LaunchScreen.storyboard */,
				29653BA91CD8B46A001A992B /* Info.plist */,
				29653BAD1CD8B72C001A992B /* MultipeerConnectivity.framework */,
			);
			path = Remote;
			sourceTree = "<group>";
		};
/* End PBXGroup section */

/* Begin PBXNativeTarget section */
		0B7C8BD91CBFD166000FE312 /* Truffaut */ = {
			isa = PBXNativeTarget;
			buildConfigurationList = 0B7C8BEB1CBFD166000FE312 /* Build configuration list for PBXNativeTarget "Truffaut" */;
			buildPhases = (
				0B2FB9E01CC874DC005A3FEA /* Update CFBundleVersion */,
				0B7C8BD61CBFD166000FE312 /* Sources */,
				0B7C8BD71CBFD166000FE312 /* Frameworks */,
				0B7C8BD81CBFD166000FE312 /* Resources */,
				0B7C8BF71CC139FD000FE312 /* Embed Frameworks */,
				0B7C8C1A1CC227A7000FE312 /* Embed Slide Templates */,
				0B2FB9E11CC87502005A3FEA /* Recover CFBundleVersion */,
			);
			buildRules = (
			);
			dependencies = (
				29F4791F1CC8B49A001CBB63 /* PBXTargetDependency */,
				29F479211CC8B49A001CBB63 /* PBXTargetDependency */,
			);
			name = Truffaut;
			productName = Truffaut;
			productReference = 0B7C8BDA1CBFD166000FE312 /* Truffaut.app */;
			productType = "com.apple.product-type.application";
		};
		0B7C8C131CC22748000FE312 /* BasicPageTemplate */ = {
			isa = PBXNativeTarget;
			buildConfigurationList = 0B7C8C171CC22748000FE312 /* Build configuration list for PBXNativeTarget "BasicPageTemplate" */;
			buildPhases = (
				0B7C8C101CC22748000FE312 /* Sources */,
				0B7C8C111CC22748000FE312 /* Frameworks */,
				0B7C8C121CC22748000FE312 /* Resources */,
			);
			buildRules = (
			);
			dependencies = (
			);
			name = BasicPageTemplate;
			productName = BasicPageTemplate;
			productReference = 0B7C8C141CC22748000FE312 /* BasicPageTemplate.truffautplugin */;
			productType = "com.apple.product-type.bundle";
		};
		0B7C8C1F1CC227E7000FE312 /* BasicCoverTemplate */ = {
			isa = PBXNativeTarget;
			buildConfigurationList = 0B7C8C231CC227E7000FE312 /* Build configuration list for PBXNativeTarget "BasicCoverTemplate" */;
			buildPhases = (
				0B7C8C1C1CC227E7000FE312 /* Sources */,
				0B7C8C1D1CC227E7000FE312 /* Frameworks */,
				0B7C8C1E1CC227E7000FE312 /* Resources */,
			);
			buildRules = (
			);
			dependencies = (
			);
			name = BasicCoverTemplate;
			productName = BasicCoverTemplate;
			productReference = 0B7C8C201CC227E7000FE312 /* BasicCoverTemplate.truffautplugin */;
			productType = "com.apple.product-type.bundle";
		};
		29653B9A1CD8B46A001A992B /* Remote */ = {
			isa = PBXNativeTarget;
			buildConfigurationList = 29653BAC1CD8B46A001A992B /* Build configuration list for PBXNativeTarget "Remote" */;
			buildPhases = (
				29653B971CD8B46A001A992B /* Sources */,
				29653B981CD8B46A001A992B /* Frameworks */,
				29653B991CD8B46A001A992B /* Resources */,
			);
			buildRules = (
			);
			dependencies = (
			);
			name = Remote;
			productName = Remote;
			productReference = 29653B9B1CD8B46A001A992B /* Remote.app */;
			productType = "com.apple.product-type.application";
		};
/* End PBXNativeTarget section */

/* Begin PBXProject section */
		0B7C8BD21CBFD166000FE312 /* Project object */ = {
			isa = PBXProject;
			attributes = {
				LastSwiftUpdateCheck = 0730;
				LastUpgradeCheck = 0730;
				ORGANIZATIONNAME = Codezerker;
				TargetAttributes = {
					0B7C8BD91CBFD166000FE312 = {
						CreatedOnToolsVersion = 7.3;
						DevelopmentTeam = 37G4TUHERL;
					};
					0B7C8C131CC22748000FE312 = {
						CreatedOnToolsVersion = 7.3;
					};
					0B7C8C1F1CC227E7000FE312 = {
						CreatedOnToolsVersion = 7.3;
					};
					29653B9A1CD8B46A001A992B = {
						CreatedOnToolsVersion = 7.3;
					};
				};
			};
			buildConfigurationList = 0B7C8BD51CBFD166000FE312 /* Build configuration list for PBXProject "Truffaut" */;
			compatibilityVersion = "Xcode 3.2";
			developmentRegion = English;
			hasScannedForEncodings = 0;
			knownRegions = (
				en,
				Base,
			);
			mainGroup = 0B7C8BD11CBFD166000FE312;
			productRefGroup = 0B7C8BDB1CBFD166000FE312 /* Products */;
			projectDirPath = "";
			projectRoot = "";
			targets = (
				0B7C8BD91CBFD166000FE312 /* Truffaut */,
				0B7C8C1F1CC227E7000FE312 /* BasicCoverTemplate */,
				0B7C8C131CC22748000FE312 /* BasicPageTemplate */,
				29653B9A1CD8B46A001A992B /* Remote */,
			);
		};
/* End PBXProject section */

/* Begin PBXResourcesBuildPhase section */
		0B7C8BD81CBFD166000FE312 /* Resources */ = {
			isa = PBXResourcesBuildPhase;
			buildActionMask = 2147483647;
			files = (
				0B7C8BE41CBFD166000FE312 /* Assets.xcassets in Resources */,
				0B7C8BE71CBFD166000FE312 /* Main.storyboard in Resources */,
			);
			runOnlyForDeploymentPostprocessing = 0;
		};
		0B7C8C121CC22748000FE312 /* Resources */ = {
			isa = PBXResourcesBuildPhase;
			buildActionMask = 2147483647;
			files = (
				0B6EED901CC26EB0001BC00B /* BasicPageViewController.xib in Resources */,
			);
			runOnlyForDeploymentPostprocessing = 0;
		};
		0B7C8C1E1CC227E7000FE312 /* Resources */ = {
			isa = PBXResourcesBuildPhase;
			buildActionMask = 2147483647;
			files = (
				0B6EED831CC25755001BC00B /* BasicCoverViewController.xib in Resources */,
			);
			runOnlyForDeploymentPostprocessing = 0;
		};
		29653B991CD8B46A001A992B /* Resources */ = {
			isa = PBXResourcesBuildPhase;
			buildActionMask = 2147483647;
			files = (
				29653BA81CD8B46A001A992B /* LaunchScreen.storyboard in Resources */,
				29653BA51CD8B46A001A992B /* Assets.xcassets in Resources */,
				29653BA31CD8B46A001A992B /* Main.storyboard in Resources */,
			);
			runOnlyForDeploymentPostprocessing = 0;
		};
/* End PBXResourcesBuildPhase section */

/* Begin PBXShellScriptBuildPhase section */
		0B2FB9E01CC874DC005A3FEA /* Update CFBundleVersion */ = {
			isa = PBXShellScriptBuildPhase;
			buildActionMask = 2147483647;
			files = (
			);
			inputPaths = (
			);
			name = "Update CFBundleVersion";
			outputPaths = (
			);
			runOnlyForDeploymentPostprocessing = 0;
			shellPath = /bin/sh;
			shellScript = "GIT=/usr/bin/git\n\nBUILD_SUFIX=\"\"\n\nif [ $CONFIGURATION == Debug ]\nthen\nBUILD_SUFIX=\"D\"\nfi\n\nbuildNumber=\"`$GIT rev-list HEAD --count`$BUILD_SUFIX\"\n/usr/libexec/PlistBuddy -c \"Set :CFBundleVersion $buildNumber\" \"${PROJECT_DIR}/${INFOPLIST_FILE}\"\n";
		};
		0B2FB9E11CC87502005A3FEA /* Recover CFBundleVersion */ = {
			isa = PBXShellScriptBuildPhase;
			buildActionMask = 2147483647;
			files = (
			);
			inputPaths = (
			);
			name = "Recover CFBundleVersion";
			outputPaths = (
			);
			runOnlyForDeploymentPostprocessing = 0;
			shellPath = /bin/sh;
			shellScript = "buildNumber=\"auto\"\n/usr/libexec/PlistBuddy -c \"Set :CFBundleVersion $buildNumber\" \"${PROJECT_DIR}/${INFOPLIST_FILE}\"\n";
		};
/* End PBXShellScriptBuildPhase section */

/* Begin PBXSourcesBuildPhase section */
		0B7C8BD61CBFD166000FE312 /* Sources */ = {
			isa = PBXSourcesBuildPhase;
			buildActionMask = 2147483647;
			files = (
				29A7E8741CCA1DDC005E40D8 /* SwiftParser.swift in Sources */,
				0B7C8C0A1CC20642000FE312 /* Plugin.swift in Sources */,
				0B7C8C021CC1422B000FE312 /* Definitions.swift in Sources */,
				29A7E8721CCA1DD1005E40D8 /* JSONParser.swift in Sources */,
				0B7C8BFE1CC14006000FE312 /* SlidesWindowController.swift in Sources */,
				0B7C8BE01CBFD166000FE312 /* MainViewController.swift in Sources */,
				0B2FB9DC1CC3D66F005A3FEA /* FileMonitor.swift in Sources */,
				0B6EED861CC26CAA001BC00B /* Extensions.swift in Sources */,
				0B7C8C071CC1DC33000FE312 /* Slides.swift in Sources */,
				0B7C8C0E1CC20865000FE312 /* TFPlugInLoader.m in Sources */,
				0B6EED931CC27584001BC00B /* MenuActionDispatcher.swift in Sources */,
				0B7C8C001CC14016000FE312 /* SlidesViewController.swift in Sources */,
				0B7C8BDE1CBFD166000FE312 /* AppDelegate.swift in Sources */,
				0B7C8BF91CC13E14000FE312 /* MainWindowController.swift in Sources */,
				0B7C8BE21CBFD166000FE312 /* Document.swift in Sources */,
			);
			runOnlyForDeploymentPostprocessing = 0;
		};
		0B7C8C101CC22748000FE312 /* Sources */ = {
			isa = PBXSourcesBuildPhase;
			buildActionMask = 2147483647;
			files = (
				0B6EED8F1CC26EB0001BC00B /* BasicPageViewController.swift in Sources */,
				0B6EED8C1CC26E6A001BC00B /* Template.swift in Sources */,
			);
			runOnlyForDeploymentPostprocessing = 0;
		};
		0B7C8C1C1CC227E7000FE312 /* Sources */ = {
			isa = PBXSourcesBuildPhase;
			buildActionMask = 2147483647;
			files = (
				0B6EED821CC25755001BC00B /* BasicCoverViewController.swift in Sources */,
				0B6EED891CC26E4B001BC00B /* Template.swift in Sources */,
			);
			runOnlyForDeploymentPostprocessing = 0;
		};
		29653B971CD8B46A001A992B /* Sources */ = {
			isa = PBXSourcesBuildPhase;
			buildActionMask = 2147483647;
			files = (
				29653BA01CD8B46A001A992B /* WelcomeViewController.swift in Sources */,
				29653B9E1CD8B46A001A992B /* AppDelegate.swift in Sources */,
			);
			runOnlyForDeploymentPostprocessing = 0;
		};
/* End PBXSourcesBuildPhase section */

/* Begin PBXTargetDependency section */
		29F4791F1CC8B49A001CBB63 /* PBXTargetDependency */ = {
			isa = PBXTargetDependency;
			target = 0B7C8C1F1CC227E7000FE312 /* BasicCoverTemplate */;
			targetProxy = 29F4791E1CC8B49A001CBB63 /* PBXContainerItemProxy */;
		};
		29F479211CC8B49A001CBB63 /* PBXTargetDependency */ = {
			isa = PBXTargetDependency;
			target = 0B7C8C131CC22748000FE312 /* BasicPageTemplate */;
			targetProxy = 29F479201CC8B49A001CBB63 /* PBXContainerItemProxy */;
		};
/* End PBXTargetDependency section */

/* Begin PBXVariantGroup section */
		0B7C8BE51CBFD166000FE312 /* Main.storyboard */ = {
			isa = PBXVariantGroup;
			children = (
				0B7C8BE61CBFD166000FE312 /* Base */,
			);
			name = Main.storyboard;
			sourceTree = "<group>";
		};
		29653BA11CD8B46A001A992B /* Main.storyboard */ = {
			isa = PBXVariantGroup;
			children = (
				29653BA21CD8B46A001A992B /* Base */,
			);
			name = Main.storyboard;
			sourceTree = "<group>";
		};
		29653BA61CD8B46A001A992B /* LaunchScreen.storyboard */ = {
			isa = PBXVariantGroup;
			children = (
				29653BA71CD8B46A001A992B /* Base */,
			);
			name = LaunchScreen.storyboard;
			sourceTree = "<group>";
		};
/* End PBXVariantGroup section */

/* Begin XCBuildConfiguration section */
		0B7C8BE91CBFD166000FE312 /* Debug */ = {
			isa = XCBuildConfiguration;
			buildSettings = {
				ALWAYS_SEARCH_USER_PATHS = NO;
				CLANG_ANALYZER_NONNULL = YES;
				CLANG_CXX_LANGUAGE_STANDARD = "gnu++0x";
				CLANG_CXX_LIBRARY = "libc++";
				CLANG_ENABLE_MODULES = YES;
				CLANG_ENABLE_OBJC_ARC = YES;
				CLANG_WARN_BOOL_CONVERSION = YES;
				CLANG_WARN_CONSTANT_CONVERSION = YES;
				CLANG_WARN_DIRECT_OBJC_ISA_USAGE = YES_ERROR;
				CLANG_WARN_EMPTY_BODY = YES;
				CLANG_WARN_ENUM_CONVERSION = YES;
				CLANG_WARN_INT_CONVERSION = YES;
				CLANG_WARN_OBJC_ROOT_CLASS = YES_ERROR;
				CLANG_WARN_UNREACHABLE_CODE = YES;
				CLANG_WARN__DUPLICATE_METHOD_MATCH = YES;
				CODE_SIGN_IDENTITY = "-";
				COPY_PHASE_STRIP = NO;
				DEBUG_INFORMATION_FORMAT = dwarf;
				ENABLE_STRICT_OBJC_MSGSEND = YES;
				ENABLE_TESTABILITY = YES;
				GCC_C_LANGUAGE_STANDARD = gnu99;
				GCC_DYNAMIC_NO_PIC = NO;
				GCC_NO_COMMON_BLOCKS = YES;
				GCC_OPTIMIZATION_LEVEL = 0;
				GCC_PREPROCESSOR_DEFINITIONS = (
					"DEBUG=1",
					"$(inherited)",
				);
				GCC_WARN_64_TO_32_BIT_CONVERSION = YES;
				GCC_WARN_ABOUT_RETURN_TYPE = YES_ERROR;
				GCC_WARN_UNDECLARED_SELECTOR = YES;
				GCC_WARN_UNINITIALIZED_AUTOS = YES_AGGRESSIVE;
				GCC_WARN_UNUSED_FUNCTION = YES;
				GCC_WARN_UNUSED_VARIABLE = YES;
				MACOSX_DEPLOYMENT_TARGET = 10.11;
				MTL_ENABLE_DEBUG_INFO = YES;
				ONLY_ACTIVE_ARCH = YES;
				SDKROOT = macosx;
				SWIFT_OPTIMIZATION_LEVEL = "-Onone";
			};
			name = Debug;
		};
		0B7C8BEA1CBFD166000FE312 /* Release */ = {
			isa = XCBuildConfiguration;
			buildSettings = {
				ALWAYS_SEARCH_USER_PATHS = NO;
				CLANG_ANALYZER_NONNULL = YES;
				CLANG_CXX_LANGUAGE_STANDARD = "gnu++0x";
				CLANG_CXX_LIBRARY = "libc++";
				CLANG_ENABLE_MODULES = YES;
				CLANG_ENABLE_OBJC_ARC = YES;
				CLANG_WARN_BOOL_CONVERSION = YES;
				CLANG_WARN_CONSTANT_CONVERSION = YES;
				CLANG_WARN_DIRECT_OBJC_ISA_USAGE = YES_ERROR;
				CLANG_WARN_EMPTY_BODY = YES;
				CLANG_WARN_ENUM_CONVERSION = YES;
				CLANG_WARN_INT_CONVERSION = YES;
				CLANG_WARN_OBJC_ROOT_CLASS = YES_ERROR;
				CLANG_WARN_UNREACHABLE_CODE = YES;
				CLANG_WARN__DUPLICATE_METHOD_MATCH = YES;
				CODE_SIGN_IDENTITY = "-";
				COPY_PHASE_STRIP = NO;
				DEBUG_INFORMATION_FORMAT = "dwarf-with-dsym";
				ENABLE_NS_ASSERTIONS = NO;
				ENABLE_STRICT_OBJC_MSGSEND = YES;
				GCC_C_LANGUAGE_STANDARD = gnu99;
				GCC_NO_COMMON_BLOCKS = YES;
				GCC_WARN_64_TO_32_BIT_CONVERSION = YES;
				GCC_WARN_ABOUT_RETURN_TYPE = YES_ERROR;
				GCC_WARN_UNDECLARED_SELECTOR = YES;
				GCC_WARN_UNINITIALIZED_AUTOS = YES_AGGRESSIVE;
				GCC_WARN_UNUSED_FUNCTION = YES;
				GCC_WARN_UNUSED_VARIABLE = YES;
				MACOSX_DEPLOYMENT_TARGET = 10.11;
				MTL_ENABLE_DEBUG_INFO = NO;
				SDKROOT = macosx;
			};
			name = Release;
		};
		0B7C8BEC1CBFD166000FE312 /* Debug */ = {
			isa = XCBuildConfiguration;
			buildSettings = {
				ASSETCATALOG_COMPILER_APPICON_NAME = AppIcon;
				CLANG_ENABLE_MODULES = YES;
				CODE_SIGN_IDENTITY = "Developer ID Application: Yan Li (37G4TUHERL)";
				COMBINE_HIDPI_IMAGES = YES;
				EMBEDDED_CONTENT_CONTAINS_SWIFT = YES;
				FRAMEWORK_SEARCH_PATHS = (
					"$(inherited)",
					"$(PROJECT_DIR)/Carthage/Build/Mac",
				);
				INFOPLIST_FILE = Truffaut/Info.plist;
				LD_RUNPATH_SEARCH_PATHS = "$(inherited) @executable_path/../Frameworks";
				PRODUCT_BUNDLE_IDENTIFIER = com.codezerker.Truffaut;
				PRODUCT_NAME = "$(TARGET_NAME)";
				SWIFT_OBJC_BRIDGING_HEADER = "Truffaut/Truffaut-Bridging-Header.h";
				SWIFT_OPTIMIZATION_LEVEL = "-Onone";
			};
			name = Debug;
		};
		0B7C8BED1CBFD166000FE312 /* Release */ = {
			isa = XCBuildConfiguration;
			buildSettings = {
				ASSETCATALOG_COMPILER_APPICON_NAME = AppIcon;
				CLANG_ENABLE_MODULES = YES;
				CODE_SIGN_IDENTITY = "Developer ID Application: Yan Li (37G4TUHERL)";
				COMBINE_HIDPI_IMAGES = YES;
				EMBEDDED_CONTENT_CONTAINS_SWIFT = YES;
				FRAMEWORK_SEARCH_PATHS = (
					"$(inherited)",
					"$(PROJECT_DIR)/Carthage/Build/Mac",
				);
				INFOPLIST_FILE = Truffaut/Info.plist;
				LD_RUNPATH_SEARCH_PATHS = "$(inherited) @executable_path/../Frameworks";
				PRODUCT_BUNDLE_IDENTIFIER = com.codezerker.Truffaut;
				PRODUCT_NAME = "$(TARGET_NAME)";
				SWIFT_OBJC_BRIDGING_HEADER = "Truffaut/Truffaut-Bridging-Header.h";
			};
			name = Release;
		};
		0B7C8C181CC22748000FE312 /* Debug */ = {
			isa = XCBuildConfiguration;
			buildSettings = {
				CLANG_ENABLE_MODULES = YES;
				COMBINE_HIDPI_IMAGES = YES;
				INFOPLIST_FILE = BasicPageTemplate/Info.plist;
				INSTALL_PATH = "$(LOCAL_LIBRARY_DIR)/Bundles";
				LD_RUNPATH_SEARCH_PATHS = "$(inherited) @executable_path/../Frameworks @loader_path/../Frameworks";
				PRODUCT_BUNDLE_IDENTIFIER = com.codezerker.BasicPageTemplate;
				PRODUCT_NAME = "$(TARGET_NAME)";
				SKIP_INSTALL = YES;
				SWIFT_OBJC_BRIDGING_HEADER = "BasicPageTemplate/BasicPageTemplate-Bridging-Header.h";
				SWIFT_OPTIMIZATION_LEVEL = "-Onone";
				WRAPPER_EXTENSION = truffautplugin;
			};
			name = Debug;
		};
		0B7C8C191CC22748000FE312 /* Release */ = {
			isa = XCBuildConfiguration;
			buildSettings = {
				CLANG_ENABLE_MODULES = YES;
				COMBINE_HIDPI_IMAGES = YES;
				INFOPLIST_FILE = BasicPageTemplate/Info.plist;
				INSTALL_PATH = "$(LOCAL_LIBRARY_DIR)/Bundles";
				LD_RUNPATH_SEARCH_PATHS = "$(inherited) @executable_path/../Frameworks @loader_path/../Frameworks";
				PRODUCT_BUNDLE_IDENTIFIER = com.codezerker.BasicPageTemplate;
				PRODUCT_NAME = "$(TARGET_NAME)";
				SKIP_INSTALL = YES;
				SWIFT_OBJC_BRIDGING_HEADER = "BasicPageTemplate/BasicPageTemplate-Bridging-Header.h";
				WRAPPER_EXTENSION = truffautplugin;
			};
			name = Release;
		};
		0B7C8C241CC227E7000FE312 /* Debug */ = {
			isa = XCBuildConfiguration;
			buildSettings = {
				CLANG_ENABLE_MODULES = YES;
				COMBINE_HIDPI_IMAGES = YES;
				INFOPLIST_FILE = BasicCoverTemplate/Info.plist;
				INSTALL_PATH = "$(LOCAL_LIBRARY_DIR)/Bundles";
				LD_RUNPATH_SEARCH_PATHS = "$(inherited) @executable_path/../Frameworks @loader_path/../Frameworks";
				PRODUCT_BUNDLE_IDENTIFIER = com.codezerker.BasicCoverTemplate;
				PRODUCT_NAME = "$(TARGET_NAME)";
				SKIP_INSTALL = YES;
				SWIFT_OBJC_BRIDGING_HEADER = "BasicCoverTemplate/BasicCoverTemplate-Bridging-Header.h";
				SWIFT_OPTIMIZATION_LEVEL = "-Onone";
				WRAPPER_EXTENSION = truffautplugin;
			};
			name = Debug;
		};
		0B7C8C251CC227E7000FE312 /* Release */ = {
			isa = XCBuildConfiguration;
			buildSettings = {
				CLANG_ENABLE_MODULES = YES;
				COMBINE_HIDPI_IMAGES = YES;
				INFOPLIST_FILE = BasicCoverTemplate/Info.plist;
				INSTALL_PATH = "$(LOCAL_LIBRARY_DIR)/Bundles";
				LD_RUNPATH_SEARCH_PATHS = "$(inherited) @executable_path/../Frameworks @loader_path/../Frameworks";
				PRODUCT_BUNDLE_IDENTIFIER = com.codezerker.BasicCoverTemplate;
				PRODUCT_NAME = "$(TARGET_NAME)";
				SKIP_INSTALL = YES;
				SWIFT_OBJC_BRIDGING_HEADER = "BasicCoverTemplate/BasicCoverTemplate-Bridging-Header.h";
				WRAPPER_EXTENSION = truffautplugin;
			};
			name = Release;
		};
		29653BAA1CD8B46A001A992B /* Debug */ = {
			isa = XCBuildConfiguration;
			buildSettings = {
				ASSETCATALOG_COMPILER_APPICON_NAME = AppIcon;
				CODE_SIGN_IDENTITY = "iPhone Developer: Yan Li (D6D98RMPZC)";
				"CODE_SIGN_IDENTITY[sdk=iphoneos*]" = "iPhone Developer: Yan Li (D6D98RMPZC)";
				INFOPLIST_FILE = Remote/Info.plist;
				IPHONEOS_DEPLOYMENT_TARGET = 9.0;
				LD_RUNPATH_SEARCH_PATHS = "$(inherited) @executable_path/Frameworks";
				PRODUCT_BUNDLE_IDENTIFIER = com.codezerker.Truffaut.Remote;
				PRODUCT_NAME = "$(TARGET_NAME)";
				PROVISIONING_PROFILE = "468bb8c9-fdd7-4f4c-b977-1f23149a364e";
				SDKROOT = iphoneos;
				TARGETED_DEVICE_FAMILY = "1,2";
			};
			name = Debug;
		};
		29653BAB1CD8B46A001A992B /* Release */ = {
			isa = XCBuildConfiguration;
			buildSettings = {
				ASSETCATALOG_COMPILER_APPICON_NAME = AppIcon;
				CODE_SIGN_IDENTITY = "iPhone Distribution: Yan Li (37G4TUHERL)";
				"CODE_SIGN_IDENTITY[sdk=iphoneos*]" = "iPhone Distribution: Yan Li (37G4TUHERL)";
				INFOPLIST_FILE = Remote/Info.plist;
				IPHONEOS_DEPLOYMENT_TARGET = 9.0;
				LD_RUNPATH_SEARCH_PATHS = "$(inherited) @executable_path/Frameworks";
				PRODUCT_BUNDLE_IDENTIFIER = com.codezerker.Truffaut.Remote;
				PRODUCT_NAME = "$(TARGET_NAME)";
				PROVISIONING_PROFILE = "54a84958-91a5-4c1d-9b49-6a03b8c98d7f";
				SDKROOT = iphoneos;
				TARGETED_DEVICE_FAMILY = "1,2";
				VALIDATE_PRODUCT = YES;
			};
			name = Release;
		};
/* End XCBuildConfiguration section */

/* Begin XCConfigurationList section */
		0B7C8BD51CBFD166000FE312 /* Build configuration list for PBXProject "Truffaut" */ = {
			isa = XCConfigurationList;
			buildConfigurations = (
				0B7C8BE91CBFD166000FE312 /* Debug */,
				0B7C8BEA1CBFD166000FE312 /* Release */,
			);
			defaultConfigurationIsVisible = 0;
			defaultConfigurationName = Release;
		};
		0B7C8BEB1CBFD166000FE312 /* Build configuration list for PBXNativeTarget "Truffaut" */ = {
			isa = XCConfigurationList;
			buildConfigurations = (
				0B7C8BEC1CBFD166000FE312 /* Debug */,
				0B7C8BED1CBFD166000FE312 /* Release */,
			);
			defaultConfigurationIsVisible = 0;
			defaultConfigurationName = Release;
		};
		0B7C8C171CC22748000FE312 /* Build configuration list for PBXNativeTarget "BasicPageTemplate" */ = {
			isa = XCConfigurationList;
			buildConfigurations = (
				0B7C8C181CC22748000FE312 /* Debug */,
				0B7C8C191CC22748000FE312 /* Release */,
			);
			defaultConfigurationIsVisible = 0;
			defaultConfigurationName = Release;
		};
		0B7C8C231CC227E7000FE312 /* Build configuration list for PBXNativeTarget "BasicCoverTemplate" */ = {
			isa = XCConfigurationList;
			buildConfigurations = (
				0B7C8C241CC227E7000FE312 /* Debug */,
				0B7C8C251CC227E7000FE312 /* Release */,
			);
			defaultConfigurationIsVisible = 0;
			defaultConfigurationName = Release;
		};
		29653BAC1CD8B46A001A992B /* Build configuration list for PBXNativeTarget "Remote" */ = {
			isa = XCConfigurationList;
			buildConfigurations = (
				29653BAA1CD8B46A001A992B /* Debug */,
				29653BAB1CD8B46A001A992B /* Release */,
			);
			defaultConfigurationIsVisible = 0;
		};
/* End XCConfigurationList section */
	};
	rootObject = 0B7C8BD21CBFD166000FE312 /* Project object */;
}
